
Microsoft Visual Studio Solution File, Format Version 12.00
# Visual Studio Version 16
VisualStudioVersion = 16.0.29102.190
MinimumVisualStudioVersion = 15.0.26124.0
Project("{2150E333-8FDC-42A3-9474-1A3956D46DE8}") = "src", "src", "{247AF301-E5DE-4FF1-9DFE-2E26B5084384}"
EndProject
Project("{9A19103F-16F7-4668-BE54-9A1E7A4F7556}") = "IdentityServer", "src\IdentityServer\IdentityServer.csproj", "{5A83A893-E73B-4516-B38E-4B5287372CA7}"
EndProject
Project("{9A19103F-16F7-4668-BE54-9A1E7A4F7556}") = "Api", "src\Api\Api.csproj", "{5029B581-F25D-4437-B97D-47AAA6D70915}"
EndProject
Project("{9A19103F-16F7-4668-BE54-9A1E7A4F7556}") = "Client", "src\Client\Client.csproj", "{9FE4CCC0-B2AB-4309-AD21-98D61ACFB96F}"
EndProject
Project("{9A19103F-16F7-4668-BE54-9A1E7A4F7556}") = "JavaScriptClient", "src\JavaScriptClient\JavaScriptClient.csproj", "{48D459F3-5D0E-4C75-860E-292F035B27CA}"
EndProject
Project("{9A19103F-16F7-4668-BE54-9A1E7A4F7556}") = "MvcClient", "src\MvcClient\MvcClient.csproj", "{49945FC2-2E36-4A2E-9BB5-CE3CE969D14A}"
EndProject
Project("{FAE04EC0-301F-11D3-BF4B-00C04F79EFBC}") = "IdentityServerAspNetIdentity", "src\IdentityServerAspNetIdentity\IdentityServerAspNetIdentity.csproj", "{B51D7C6A-51A0-43A1-A1A8-7D51CFC81F7E}"
EndProject
Global
	GlobalSection(SolutionConfigurationPlatforms) = preSolution
		Debug|Any CPU = Debug|Any CPU
		Debug|x64 = Debug|x64
		Debug|x86 = Debug|x86
		Release|Any CPU = Release|Any CPU
		Release|x64 = Release|x64
		Release|x86 = Release|x86
	EndGlobalSection
	GlobalSection(ProjectConfigurationPlatforms) = postSolution
		{5A83A893-E73B-4516-B38E-4B5287372CA7}.Debug|Any CPU.ActiveCfg = Debug|Any CPU
		{5A83A893-E73B-4516-B38E-4B5287372CA7}.Debug|Any CPU.Build.0 = Debug|Any CPU
		{5A83A893-E73B-4516-B38E-4B5287372CA7}.Debug|x64.ActiveCfg = Debug|Any CPU
		{5A83A893-E73B-4516-B38E-4B5287372CA7}.Debug|x64.Build.0 = Debug|Any CPU
		{5A83A893-E73B-4516-B38E-4B5287372CA7}.Debug|x86.ActiveCfg = Debug|Any CPU
		{5A83A893-E73B-4516-B38E-4B5287372CA7}.Debug|x86.Build.0 = Debug|Any CPU
		{5A83A893-E73B-4516-B38E-4B5287372CA7}.Release|Any CPU.ActiveCfg = Release|Any CPU
		{5A83A893-E73B-4516-B38E-4B5287372CA7}.Release|Any CPU.Build.0 = Release|Any CPU
		{5A83A893-E73B-4516-B38E-4B5287372CA7}.Release|x64.ActiveCfg = Release|Any CPU
		{5A83A893-E73B-4516-B38E-4B5287372CA7}.Release|x64.Build.0 = Release|Any CPU
		{5A83A893-E73B-4516-B38E-4B5287372CA7}.Release|x86.ActiveCfg = Release|Any CPU
		{5A83A893-E73B-4516-B38E-4B5287372CA7}.Release|x86.Build.0 = Release|Any CPU
		{5029B581-F25D-4437-B97D-47AAA6D70915}.Debug|Any CPU.ActiveCfg = Debug|Any CPU
		{5029B581-F25D-4437-B97D-47AAA6D70915}.Debug|Any CPU.Build.0 = Debug|Any CPU
		{5029B581-F25D-4437-B97D-47AAA6D70915}.Debug|x64.ActiveCfg = Debug|Any CPU
		{5029B581-F25D-4437-B97D-47AAA6D70915}.Debug|x64.Build.0 = Debug|Any CPU
		{5029B581-F25D-4437-B97D-47AAA6D70915}.Debug|x86.ActiveCfg = Debug|Any CPU
		{5029B581-F25D-4437-B97D-47AAA6D70915}.Debug|x86.Build.0 = Debug|Any CPU
		{5029B581-F25D-4437-B97D-47AAA6D70915}.Release|Any CPU.ActiveCfg = Release|Any CPU
		{5029B581-F25D-4437-B97D-47AAA6D70915}.Release|Any CPU.Build.0 = Release|Any CPU
		{5029B581-F25D-4437-B97D-47AAA6D70915}.Release|x64.ActiveCfg = Release|Any CPU
		{5029B581-F25D-4437-B97D-47AAA6D70915}.Release|x64.Build.0 = Release|Any CPU
		{5029B581-F25D-4437-B97D-47AAA6D70915}.Release|x86.ActiveCfg = Release|Any CPU
		{5029B581-F25D-4437-B97D-47AAA6D70915}.Release|x86.Build.0 = Release|Any CPU
		{9FE4CCC0-B2AB-4309-AD21-98D61ACFB96F}.Debug|Any CPU.ActiveCfg = Debug|Any CPU
		{9FE4CCC0-B2AB-4309-AD21-98D61ACFB96F}.Debug|Any CPU.Build.0 = Debug|Any CPU
		{9FE4CCC0-B2AB-4309-AD21-98D61ACFB96F}.Debug|x64.ActiveCfg = Debug|Any CPU
		{9FE4CCC0-B2AB-4309-AD21-98D61ACFB96F}.Debug|x64.Build.0 = Debug|Any CPU
		{9FE4CCC0-B2AB-4309-AD21-98D61ACFB96F}.Debug|x86.ActiveCfg = Debug|Any CPU
		{9FE4CCC0-B2AB-4309-AD21-98D61ACFB96F}.Debug|x86.Build.0 = Debug|Any CPU
		{9FE4CCC0-B2AB-4309-AD21-98D61ACFB96F}.Release|Any CPU.ActiveCfg = Release|Any CPU
		{9FE4CCC0-B2AB-4309-AD21-98D61ACFB96F}.Release|Any CPU.Build.0 = Release|Any CPU
		{9FE4CCC0-B2AB-4309-AD21-98D61ACFB96F}.Release|x64.ActiveCfg = Release|Any CPU
		{9FE4CCC0-B2AB-4309-AD21-98D61ACFB96F}.Release|x64.Build.0 = Release|Any CPU
		{9FE4CCC0-B2AB-4309-AD21-98D61ACFB96F}.Release|x86.ActiveCfg = Release|Any CPU
		{9FE4CCC0-B2AB-4309-AD21-98D61ACFB96F}.Release|x86.Build.0 = Release|Any CPU
		{48D459F3-5D0E-4C75-860E-292F035B27CA}.Debug|Any CPU.ActiveCfg = Debug|Any CPU
		{48D459F3-5D0E-4C75-860E-292F035B27CA}.Debug|Any CPU.Build.0 = Debug|Any CPU
		{48D459F3-5D0E-4C75-860E-292F035B27CA}.Debug|x64.ActiveCfg = Debug|Any CPU
		{48D459F3-5D0E-4C75-860E-292F035B27CA}.Debug|x64.Build.0 = Debug|Any CPU
		{48D459F3-5D0E-4C75-860E-292F035B27CA}.Debug|x86.ActiveCfg = Debug|Any CPU
		{48D459F3-5D0E-4C75-860E-292F035B27CA}.Debug|x86.Build.0 = Debug|Any CPU
		{48D459F3-5D0E-4C75-860E-292F035B27CA}.Release|Any CPU.ActiveCfg = Release|Any CPU
		{48D459F3-5D0E-4C75-860E-292F035B27CA}.Release|Any CPU.Build.0 = Release|Any CPU
		{48D459F3-5D0E-4C75-860E-292F035B27CA}.Release|x64.ActiveCfg = Release|Any CPU
		{48D459F3-5D0E-4C75-860E-292F035B27CA}.Release|x64.Build.0 = Release|Any CPU
		{48D459F3-5D0E-4C75-860E-292F035B27CA}.Release|x86.ActiveCfg = Release|Any CPU
		{48D459F3-5D0E-4C75-860E-292F035B27CA}.Release|x86.Build.0 = Release|Any CPU
		{49945FC2-2E36-4A2E-9BB5-CE3CE969D14A}.Debug|Any CPU.ActiveCfg = Debug|Any CPU
		{49945FC2-2E36-4A2E-9BB5-CE3CE969D14A}.Debug|Any CPU.Build.0 = Debug|Any CPU
		{49945FC2-2E36-4A2E-9BB5-CE3CE969D14A}.Debug|x64.ActiveCfg = Debug|Any CPU
		{49945FC2-2E36-4A2E-9BB5-CE3CE969D14A}.Debug|x64.Build.0 = Debug|Any CPU
		{49945FC2-2E36-4A2E-9BB5-CE3CE969D14A}.Debug|x86.ActiveCfg = Debug|Any CPU
		{49945FC2-2E36-4A2E-9BB5-CE3CE969D14A}.Debug|x86.Build.0 = Debug|Any CPU
		{49945FC2-2E36-4A2E-9BB5-CE3CE969D14A}.Release|Any CPU.ActiveCfg = Release|Any CPU
		{49945FC2-2E36-4A2E-9BB5-CE3CE969D14A}.Release|Any CPU.Build.0 = Release|Any CPU
		{49945FC2-2E36-4A2E-9BB5-CE3CE969D14A}.Release|x64.ActiveCfg = Release|Any CPU
		{49945FC2-2E36-4A2E-9BB5-CE3CE969D14A}.Release|x64.Build.0 = Release|Any CPU
		{49945FC2-2E36-4A2E-9BB5-CE3CE969D14A}.Release|x86.ActiveCfg = Release|Any CPU
		{49945FC2-2E36-4A2E-9BB5-CE3CE969D14A}.Release|x86.Build.0 = Release|Any CPU
		{B51D7C6A-51A0-43A1-A1A8-7D51CFC81F7E}.Debug|Any CPU.ActiveCfg = Debug|Any CPU
		{B51D7C6A-51A0-43A1-A1A8-7D51CFC81F7E}.Debug|Any CPU.Build.0 = Debug|Any CPU
		{B51D7C6A-51A0-43A1-A1A8-7D51CFC81F7E}.Debug|x64.ActiveCfg = Debug|Any CPU
		{B51D7C6A-51A0-43A1-A1A8-7D51CFC81F7E}.Debug|x64.Build.0 = Debug|Any CPU
		{B51D7C6A-51A0-43A1-A1A8-7D51CFC81F7E}.Debug|x86.ActiveCfg = Debug|Any CPU
		{B51D7C6A-51A0-43A1-A1A8-7D51CFC81F7E}.Debug|x86.Build.0 = Debug|Any CPU
		{B51D7C6A-51A0-43A1-A1A8-7D51CFC81F7E}.Release|Any CPU.ActiveCfg = Release|Any CPU
		{B51D7C6A-51A0-43A1-A1A8-7D51CFC81F7E}.Release|Any CPU.Build.0 = Release|Any CPU
		{B51D7C6A-51A0-43A1-A1A8-7D51CFC81F7E}.Release|x64.ActiveCfg = Release|Any CPU
		{B51D7C6A-51A0-43A1-A1A8-7D51CFC81F7E}.Release|x64.Build.0 = Release|Any CPU
		{B51D7C6A-51A0-43A1-A1A8-7D51CFC81F7E}.Release|x86.ActiveCfg = Release|Any CPU
		{B51D7C6A-51A0-43A1-A1A8-7D51CFC81F7E}.Release|x86.Build.0 = Release|Any CPU
	EndGlobalSection
	GlobalSection(SolutionProperties) = preSolution
		HideSolutionNode = FALSE
	EndGlobalSection
	GlobalSection(NestedProjects) = preSolution
		{5A83A893-E73B-4516-B38E-4B5287372CA7} = {247AF301-E5DE-4FF1-9DFE-2E26B5084384}
		{5029B581-F25D-4437-B97D-47AAA6D70915} = {247AF301-E5DE-4FF1-9DFE-2E26B5084384}
		{9FE4CCC0-B2AB-4309-AD21-98D61ACFB96F} = {247AF301-E5DE-4FF1-9DFE-2E26B5084384}
		{48D459F3-5D0E-4C75-860E-292F035B27CA} = {247AF301-E5DE-4FF1-9DFE-2E26B5084384}
		{49945FC2-2E36-4A2E-9BB5-CE3CE969D14A} = {247AF301-E5DE-4FF1-9DFE-2E26B5084384}
		{B51D7C6A-51A0-43A1-A1A8-7D51CFC81F7E} = {247AF301-E5DE-4FF1-9DFE-2E26B5084384}
	EndGlobalSection
	GlobalSection(ExtensibilityGlobals) = postSolution
		SolutionGuid = {A8BEA7F9-509E-4F1F-9516-CD6F4576E793}
	EndGlobalSection
EndGlobal
